
Microsoft Visual Studio Solution File, Format Version 12.00
# Visual Studio Version 17
VisualStudioVersion = 17.5.002.0
MinimumVisualStudioVersion = 10.0.40219.1
Project("{9A19103F-16F7-4668-BE54-9A1E7A4F7556}") = "SpendBuddy", "SpendBuddy.csproj", "{0054EF49-0BAA-4568-B4AE-5650F6B9DE83}"
EndProject
Global
	GlobalSection(SolutionConfigurationPlatforms) = preSolution
		Debug|Any CPU = Debug|Any CPU
		Release|Any CPU = Release|Any CPU
	EndGlobalSection
	GlobalSection(ProjectConfigurationPlatforms) = postSolution
		{0054EF49-0BAA-4568-B4AE-5650F6B9DE83}.Debug|Any CPU.ActiveCfg = Debug|Any CPU
		{0054EF49-0BAA-4568-B4AE-5650F6B9DE83}.Debug|Any CPU.Build.0 = Debug|Any CPU
		{0054EF49-0BAA-4568-B4AE-5650F6B9DE83}.Release|Any CPU.ActiveCfg = Release|Any CPU
		{0054EF49-0BAA-4568-B4AE-5650F6B9DE83}.Release|Any CPU.Build.0 = Release|Any CPU
	EndGlobalSection
	GlobalSection(SolutionProperties) = preSolution
		HideSolutionNode = FALSE
	EndGlobalSection
	GlobalSection(ExtensibilityGlobals) = postSolution
		SolutionGuid = {C87C18E6-6717-4E6F-B8A2-6EF808B07CC7}
	EndGlobalSection
EndGlobal
